// !$*UTF8*$!
{
	archiveVersion = 1;
	classes = {
	};
	objectVersion = 46;
	objects = {

/* Begin PBXBuildFile section */
		1F0962F11C541B5F00B27187 /* AppDelegate.swift in Sources */ = {isa = PBXBuildFile; fileRef = 1F0962F01C541B5F00B27187 /* AppDelegate.swift */; };
		1F0962F31C541B5F00B27187 /* ViewController.swift in Sources */ = {isa = PBXBuildFile; fileRef = 1F0962F21C541B5F00B27187 /* ViewController.swift */; };
		1F0962F61C541B5F00B27187 /* Main.storyboard in Resources */ = {isa = PBXBuildFile; fileRef = 1F0962F41C541B5F00B27187 /* Main.storyboard */; };
		1F0962F81C541B5F00B27187 /* Assets.xcassets in Resources */ = {isa = PBXBuildFile; fileRef = 1F0962F71C541B5F00B27187 /* Assets.xcassets */; };
		1F0962FB1C541B5F00B27187 /* LaunchScreen.storyboard in Resources */ = {isa = PBXBuildFile; fileRef = 1F0962F91C541B5F00B27187 /* LaunchScreen.storyboard */; };
		1F0963061C541B5F00B27187 /* AnimatedOnboardingTests.swift in Sources */ = {isa = PBXBuildFile; fileRef = 1F0963051C541B5F00B27187 /* AnimatedOnboardingTests.swift */; };
		1F0963111C541B5F00B27187 /* AnimatedOnboardingUITests.swift in Sources */ = {isa = PBXBuildFile; fileRef = 1F0963101C541B5F00B27187 /* AnimatedOnboardingUITests.swift */; };
		1F09631F1C541C4D00B27187 /* OnboardingContentViewController.swift in Sources */ = {isa = PBXBuildFile; fileRef = 1F09631E1C541C4D00B27187 /* OnboardingContentViewController.swift */; };
		1F0963211C541D8800B27187 /* OnboardingViewController.swift in Sources */ = {isa = PBXBuildFile; fileRef = 1F0963201C541D8800B27187 /* OnboardingViewController.swift */; };
/* End PBXBuildFile section */

/* Begin PBXContainerItemProxy section */
		1F0963021C541B5F00B27187 /* PBXContainerItemProxy */ = {
			isa = PBXContainerItemProxy;
			containerPortal = 1F0962E51C541B5F00B27187 /* Project object */;
			proxyType = 1;
			remoteGlobalIDString = 1F0962EC1C541B5F00B27187;
			remoteInfo = AnimatedOnboarding;
		};
		1F09630D1C541B5F00B27187 /* PBXContainerItemProxy */ = {
			isa = PBXContainerItemProxy;
			containerPortal = 1F0962E51C541B5F00B27187 /* Project object */;
			proxyType = 1;
			remoteGlobalIDString = 1F0962EC1C541B5F00B27187;
			remoteInfo = AnimatedOnboarding;
		};
/* End PBXContainerItemProxy section */

/* Begin PBXFileReference section */
		1F0962ED1C541B5F00B27187 /* AnimatedOnboarding.app */ = {isa = PBXFileReference; explicitFileType = wrapper.application; includeInIndex = 0; path = AnimatedOnboarding.app; sourceTree = BUILT_PRODUCTS_DIR; };
		1F0962F01C541B5F00B27187 /* AppDelegate.swift */ = {isa = PBXFileReference; lastKnownFileType = sourcecode.swift; path = AppDelegate.swift; sourceTree = "<group>"; };
		1F0962F21C541B5F00B27187 /* ViewController.swift */ = {isa = PBXFileReference; lastKnownFileType = sourcecode.swift; path = ViewController.swift; sourceTree = "<group>"; };
		1F0962F51C541B5F00B27187 /* Base */ = {isa = PBXFileReference; lastKnownFileType = file.storyboard; name = Base; path = Base.lproj/Main.storyboard; sourceTree = "<group>"; };
		1F0962F71C541B5F00B27187 /* Assets.xcassets */ = {isa = PBXFileReference; lastKnownFileType = folder.assetcatalog; path = Assets.xcassets; sourceTree = "<group>"; };
		1F0962FA1C541B5F00B27187 /* Base */ = {isa = PBXFileReference; lastKnownFileType = file.storyboard; name = Base; path = Base.lproj/LaunchScreen.storyboard; sourceTree = "<group>"; };
		1F0962FC1C541B5F00B27187 /* Info.plist */ = {isa = PBXFileReference; lastKnownFileType = text.plist.xml; path = Info.plist; sourceTree = "<group>"; };
		1F0963011C541B5F00B27187 /* AnimatedOnboardingTests.xctest */ = {isa = PBXFileReference; explicitFileType = wrapper.cfbundle; includeInIndex = 0; path = AnimatedOnboardingTests.xctest; sourceTree = BUILT_PRODUCTS_DIR; };
		1F0963051C541B5F00B27187 /* AnimatedOnboardingTests.swift */ = {isa = PBXFileReference; lastKnownFileType = sourcecode.swift; path = AnimatedOnboardingTests.swift; sourceTree = "<group>"; };
		1F0963071C541B5F00B27187 /* Info.plist */ = {isa = PBXFileReference; lastKnownFileType = text.plist.xml; path = Info.plist; sourceTree = "<group>"; };
		1F09630C1C541B5F00B27187 /* AnimatedOnboardingUITests.xctest */ = {isa = PBXFileReference; explicitFileType = wrapper.cfbundle; includeInIndex = 0; path = AnimatedOnboardingUITests.xctest; sourceTree = BUILT_PRODUCTS_DIR; };
		1F0963101C541B5F00B27187 /* AnimatedOnboardingUITests.swift */ = {isa = PBXFileReference; lastKnownFileType = sourcecode.swift; path = AnimatedOnboardingUITests.swift; sourceTree = "<group>"; };
		1F0963121C541B5F00B27187 /* Info.plist */ = {isa = PBXFileReference; lastKnownFileType = text.plist.xml; path = Info.plist; sourceTree = "<group>"; };
		1F09631E1C541C4D00B27187 /* OnboardingContentViewController.swift */ = {isa = PBXFileReference; fileEncoding = 4; lastKnownFileType = sourcecode.swift; path = OnboardingContentViewController.swift; sourceTree = "<group>"; };
		1F0963201C541D8800B27187 /* OnboardingViewController.swift */ = {isa = PBXFileReference; fileEncoding = 4; lastKnownFileType = sourcecode.swift; path = OnboardingViewController.swift; sourceTree = "<group>"; };
/* End PBXFileReference section */

/* Begin PBXFrameworksBuildPhase section */
		1F0962EA1C541B5F00B27187 /* Frameworks */ = {
			isa = PBXFrameworksBuildPhase;
			buildActionMask = 2147483647;
			files = (
			);
			runOnlyForDeploymentPostprocessing = 0;
		};
		1F0962FE1C541B5F00B27187 /* Frameworks */ = {
			isa = PBXFrameworksBuildPhase;
			buildActionMask = 2147483647;
			files = (
			);
			runOnlyForDeploymentPostprocessing = 0;
		};
		1F0963091C541B5F00B27187 /* Frameworks */ = {
			isa = PBXFrameworksBuildPhase;
			buildActionMask = 2147483647;
			files = (
			);
			runOnlyForDeploymentPostprocessing = 0;
		};
/* End PBXFrameworksBuildPhase section */

/* Begin PBXGroup section */
		1F0962E41C541B5F00B27187 = {
			isa = PBXGroup;
			children = (
				1F0962EF1C541B5F00B27187 /* AnimatedOnboarding */,
				1F0963041C541B5F00B27187 /* AnimatedOnboardingTests */,
				1F09630F1C541B5F00B27187 /* AnimatedOnboardingUITests */,
				1F0962EE1C541B5F00B27187 /* Products */,
			);
			sourceTree = "<group>";
		};
		1F0962EE1C541B5F00B27187 /* Products */ = {
			isa = PBXGroup;
			children = (
				1F0962ED1C541B5F00B27187 /* AnimatedOnboarding.app */,
				1F0963011C541B5F00B27187 /* AnimatedOnboardingTests.xctest */,
				1F09630C1C541B5F00B27187 /* AnimatedOnboardingUITests.xctest */,
			);
			name = Products;
			sourceTree = "<group>";
		};
		1F0962EF1C541B5F00B27187 /* AnimatedOnboarding */ = {
			isa = PBXGroup;
			children = (
				1F0962F01C541B5F00B27187 /* AppDelegate.swift */,
				1F09631E1C541C4D00B27187 /* OnboardingContentViewController.swift */,
				1F0963201C541D8800B27187 /* OnboardingViewController.swift */,
				1F0962F21C541B5F00B27187 /* ViewController.swift */,
				1F0962F41C541B5F00B27187 /* Main.storyboard */,
				1F0962F71C541B5F00B27187 /* Assets.xcassets */,
				1F0962F91C541B5F00B27187 /* LaunchScreen.storyboard */,
				1F0962FC1C541B5F00B27187 /* Info.plist */,
			);
			path = AnimatedOnboarding;
			sourceTree = "<group>";
		};
		1F0963041C541B5F00B27187 /* AnimatedOnboardingTests */ = {
			isa = PBXGroup;
			children = (
				1F0963051C541B5F00B27187 /* AnimatedOnboardingTests.swift */,
				1F0963071C541B5F00B27187 /* Info.plist */,
			);
			path = AnimatedOnboardingTests;
			sourceTree = "<group>";
		};
		1F09630F1C541B5F00B27187 /* AnimatedOnboardingUITests */ = {
			isa = PBXGroup;
			children = (
				1F0963101C541B5F00B27187 /* AnimatedOnboardingUITests.swift */,
				1F0963121C541B5F00B27187 /* Info.plist */,
			);
			path = AnimatedOnboardingUITests;
			sourceTree = "<group>";
		};
/* End PBXGroup section */

/* Begin PBXNativeTarget section */
		1F0962EC1C541B5F00B27187 /* AnimatedOnboarding */ = {
			isa = PBXNativeTarget;
			buildConfigurationList = 1F0963151C541B5F00B27187 /* Build configuration list for PBXNativeTarget "AnimatedOnboarding" */;
			buildPhases = (
				1F0962E91C541B5F00B27187 /* Sources */,
				1F0962EA1C541B5F00B27187 /* Frameworks */,
				1F0962EB1C541B5F00B27187 /* Resources */,
			);
			buildRules = (
			);
			dependencies = (
			);
			name = AnimatedOnboarding;
			productName = AnimatedOnboarding;
			productReference = 1F0962ED1C541B5F00B27187 /* AnimatedOnboarding.app */;
			productType = "com.apple.product-type.application";
		};
		1F0963001C541B5F00B27187 /* AnimatedOnboardingTests */ = {
			isa = PBXNativeTarget;
			buildConfigurationList = 1F0963181C541B5F00B27187 /* Build configuration list for PBXNativeTarget "AnimatedOnboardingTests" */;
			buildPhases = (
				1F0962FD1C541B5F00B27187 /* Sources */,
				1F0962FE1C541B5F00B27187 /* Frameworks */,
				1F0962FF1C541B5F00B27187 /* Resources */,
			);
			buildRules = (
			);
			dependencies = (
				1F0963031C541B5F00B27187 /* PBXTargetDependency */,
			);
			name = AnimatedOnboardingTests;
			productName = AnimatedOnboardingTests;
			productReference = 1F0963011C541B5F00B27187 /* AnimatedOnboardingTests.xctest */;
			productType = "com.apple.product-type.bundle.unit-test";
		};
		1F09630B1C541B5F00B27187 /* AnimatedOnboardingUITests */ = {
			isa = PBXNativeTarget;
			buildConfigurationList = 1F09631B1C541B5F00B27187 /* Build configuration list for PBXNativeTarget "AnimatedOnboardingUITests" */;
			buildPhases = (
				1F0963081C541B5F00B27187 /* Sources */,
				1F0963091C541B5F00B27187 /* Frameworks */,
				1F09630A1C541B5F00B27187 /* Resources */,
			);
			buildRules = (
			);
			dependencies = (
				1F09630E1C541B5F00B27187 /* PBXTargetDependency */,
			);
			name = AnimatedOnboardingUITests;
			productName = AnimatedOnboardingUITests;
			productReference = 1F09630C1C541B5F00B27187 /* AnimatedOnboardingUITests.xctest */;
			productType = "com.apple.product-type.bundle.ui-testing";
		};
/* End PBXNativeTarget section */

/* Begin PBXProject section */
		1F0962E51C541B5F00B27187 /* Project object */ = {
			isa = PBXProject;
			attributes = {
				LastSwiftUpdateCheck = 0720;
				LastUpgradeCheck = 0720;
				ORGANIZATIONNAME = "Ryan Daulton";
				TargetAttributes = {
					1F0962EC1C541B5F00B27187 = {
						CreatedOnToolsVersion = 7.2;
					};
					1F0963001C541B5F00B27187 = {
						CreatedOnToolsVersion = 7.2;
						TestTargetID = 1F0962EC1C541B5F00B27187;
					};
					1F09630B1C541B5F00B27187 = {
						CreatedOnToolsVersion = 7.2;
						TestTargetID = 1F0962EC1C541B5F00B27187;
					};
				};
			};
			buildConfigurationList = 1F0962E81C541B5F00B27187 /* Build configuration list for PBXProject "AnimatedOnboarding" */;
			compatibilityVersion = "Xcode 3.2";
			developmentRegion = English;
			hasScannedForEncodings = 0;
			knownRegions = (
				en,
				Base,
			);
			mainGroup = 1F0962E41C541B5F00B27187;
			productRefGroup = 1F0962EE1C541B5F00B27187 /* Products */;
			projectDirPath = "";
			projectRoot = "";
			targets = (
				1F0962EC1C541B5F00B27187 /* AnimatedOnboarding */,
				1F0963001C541B5F00B27187 /* AnimatedOnboardingTests */,
				1F09630B1C541B5F00B27187 /* AnimatedOnboardingUITests */,
			);
		};
/* End PBXProject section */

/* Begin PBXResourcesBuildPhase section */
		1F0962EB1C541B5F00B27187 /* Resources */ = {
			isa = PBXResourcesBuildPhase;
			buildActionMask = 2147483647;
			files = (
				1F0962FB1C541B5F00B27187 /* LaunchScreen.storyboard in Resources */,
				1F0962F81C541B5F00B27187 /* Assets.xcassets in Resources */,
				1F0962F61C541B5F00B27187 /* Main.storyboard in Resources */,
			);
			runOnlyForDeploymentPostprocessing = 0;
		};
		1F0962FF1C541B5F00B27187 /* Resources */ = {
			isa = PBXResourcesBuildPhase;
			buildActionMask = 2147483647;
			files = (
			);
			runOnlyForDeploymentPostprocessing = 0;
		};
		1F09630A1C541B5F00B27187 /* Resources */ = {
			isa = PBXResourcesBuildPhase;
			buildActionMask = 2147483647;
			files = (
			);
			runOnlyForDeploymentPostprocessing = 0;
		};
/* End PBXResourcesBuildPhase section */

/* Begin PBXSourcesBuildPhase section */
		1F0962E91C541B5F00B27187 /* Sources */ = {
			isa = PBXSourcesBuildPhase;
			buildActionMask = 2147483647;
			files = (
				1F0962F31C541B5F00B27187 /* ViewController.swift in Sources */,
				1F09631F1C541C4D00B27187 /* OnboardingContentViewController.swift in Sources */,
				1F0962F11C541B5F00B27187 /* AppDelegate.swift in Sources */,
				1F0963211C541D8800B27187 /* OnboardingViewController.swift in Sources */,
			);
			runOnlyForDeploymentPostprocessing = 0;
		};
		1F0962FD1C541B5F00B27187 /* Sources */ = {
			isa = PBXSourcesBuildPhase;
			buildActionMask = 2147483647;
			files = (
				1F0963061C541B5F00B27187 /* AnimatedOnboardingTests.swift in Sources */,
			);
			runOnlyForDeploymentPostprocessing = 0;
		};
		1F0963081C541B5F00B27187 /* Sources */ = {
			isa = PBXSourcesBuildPhase;
			buildActionMask = 2147483647;
			files = (
				1F0963111C541B5F00B27187 /* AnimatedOnboardingUITests.swift in Sources */,
			);
			runOnlyForDeploymentPostprocessing = 0;
		};
/* End PBXSourcesBuildPhase section */

/* Begin PBXTargetDependency section */
		1F0963031C541B5F00B27187 /* PBXTargetDependency */ = {
			isa = PBXTargetDependency;
			target = 1F0962EC1C541B5F00B27187 /* AnimatedOnboarding */;
			targetProxy = 1F0963021C541B5F00B27187 /* PBXContainerItemProxy */;
		};
		1F09630E1C541B5F00B27187 /* PBXTargetDependency */ = {
			isa = PBXTargetDependency;
			target = 1F0962EC1C541B5F00B27187 /* AnimatedOnboarding */;
			targetProxy = 1F09630D1C541B5F00B27187 /* PBXContainerItemProxy */;
		};
/* End PBXTargetDependency section */

/* Begin PBXVariantGroup section */
		1F0962F41C541B5F00B27187 /* Main.storyboard */ = {
			isa = PBXVariantGroup;
			children = (
				1F0962F51C541B5F00B27187 /* Base */,
			);
			name = Main.storyboard;
			sourceTree = "<group>";
		};
		1F0962F91C541B5F00B27187 /* LaunchScreen.storyboard */ = {
			isa = PBXVariantGroup;
			children = (
				1F0962FA1C541B5F00B27187 /* Base */,
			);
			name = LaunchScreen.storyboard;
			sourceTree = "<group>";
		};
/* End PBXVariantGroup section */

/* Begin XCBuildConfiguration section */
		1F0963131C541B5F00B27187 /* Debug */ = {
			isa = XCBuildConfiguration;
			buildSettings = {
				ALWAYS_SEARCH_USER_PATHS = NO;
				CLANG_CXX_LANGUAGE_STANDARD = "gnu++0x";
				CLANG_CXX_LIBRARY = "libc++";
				CLANG_ENABLE_MODULES = YES;
				CLANG_ENABLE_OBJC_ARC = YES;
				CLANG_WARN_BOOL_CONVERSION = YES;
				CLANG_WARN_CONSTANT_CONVERSION = YES;
				CLANG_WARN_DIRECT_OBJC_ISA_USAGE = YES_ERROR;
				CLANG_WARN_EMPTY_BODY = YES;
				CLANG_WARN_ENUM_CONVERSION = YES;
				CLANG_WARN_INT_CONVERSION = YES;
				CLANG_WARN_OBJC_ROOT_CLASS = YES_ERROR;
				CLANG_WARN_UNREACHABLE_CODE = YES;
				CLANG_WARN__DUPLICATE_METHOD_MATCH = YES;
				"CODE_SIGN_IDENTITY[sdk=iphoneos*]" = "iPhone Developer";
				COPY_PHASE_STRIP = NO;
				DEBUG_INFORMATION_FORMAT = dwarf;
				ENABLE_STRICT_OBJC_MSGSEND = YES;
				ENABLE_TESTABILITY = YES;
				GCC_C_LANGUAGE_STANDARD = gnu99;
				GCC_DYNAMIC_NO_PIC = NO;
				GCC_NO_COMMON_BLOCKS = YES;
				GCC_OPTIMIZATION_LEVEL = 0;
				GCC_PREPROCESSOR_DEFINITIONS = (
					"DEBUG=1",
					"$(inherited)",
				);
				GCC_WARN_64_TO_32_BIT_CONVERSION = YES;
				GCC_WARN_ABOUT_RETURN_TYPE = YES_ERROR;
				GCC_WARN_UNDECLARED_SELECTOR = YES;
				GCC_WARN_UNINITIALIZED_AUTOS = YES_AGGRESSIVE;
				GCC_WARN_UNUSED_FUNCTION = YES;
				GCC_WARN_UNUSED_VARIABLE = YES;
				IPHONEOS_DEPLOYMENT_TARGET = 9.2;
				MTL_ENABLE_DEBUG_INFO = YES;
				ONLY_ACTIVE_ARCH = YES;
				SDKROOT = iphoneos;
				SWIFT_OPTIMIZATION_LEVEL = "-Onone";
				TARGETED_DEVICE_FAMILY = "1,2";
			};
			name = Debug;
		};
		1F0963141C541B5F00B27187 /* Release */ = {
			isa = XCBuildConfiguration;
			buildSettings = {
				ALWAYS_SEARCH_USER_PATHS = NO;
				CLANG_CXX_LANGUAGE_STANDARD = "gnu++0x";
				CLANG_CXX_LIBRARY = "libc++";
				CLANG_ENABLE_MODULES = YES;
				CLANG_ENABLE_OBJC_ARC = YES;
				CLANG_WARN_BOOL_CONVERSION = YES;
				CLANG_WARN_CONSTANT_CONVERSION = YES;
				CLANG_WARN_DIRECT_OBJC_ISA_USAGE = YES_ERROR;
				CLANG_WARN_EMPTY_BODY = YES;
				CLANG_WARN_ENUM_CONVERSION = YES;
				CLANG_WARN_INT_CONVERSION = YES;
				CLANG_WARN_OBJC_ROOT_CLASS = YES_ERROR;
				CLANG_WARN_UNREACHABLE_CODE = YES;
				CLANG_WARN__DUPLICATE_METHOD_MATCH = YES;
				"CODE_SIGN_IDENTITY[sdk=iphoneos*]" = "iPhone Developer";
				COPY_PHASE_STRIP = NO;
				DEBUG_INFORMATION_FORMAT = "dwarf-with-dsym";
				ENABLE_NS_ASSERTIONS = NO;
				ENABLE_STRICT_OBJC_MSGSEND = YES;
				GCC_C_LANGUAGE_STANDARD = gnu99;
				GCC_NO_COMMON_BLOCKS = YES;
				GCC_WARN_64_TO_32_BIT_CONVERSION = YES;
				GCC_WARN_ABOUT_RETURN_TYPE = YES_ERROR;
				GCC_WARN_UNDECLARED_SELECTOR = YES;
				GCC_WARN_UNINITIALIZED_AUTOS = YES_AGGRESSIVE;
				GCC_WARN_UNUSED_FUNCTION = YES;
				GCC_WARN_UNUSED_VARIABLE = YES;
				IPHONEOS_DEPLOYMENT_TARGET = 9.2;
				MTL_ENABLE_DEBUG_INFO = NO;
				SDKROOT = iphoneos;
				TARGETED_DEVICE_FAMILY = "1,2";
				VALIDATE_PRODUCT = YES;
			};
			name = Release;
		};
		1F0963161C541B5F00B27187 /* Debug */ = {
			isa = XCBuildConfiguration;
			buildSettings = {
				ASSETCATALOG_COMPILER_APPICON_NAME = AppIcon;
				INFOPLIST_FILE = AnimatedOnboarding/Info.plist;
				LD_RUNPATH_SEARCH_PATHS = "$(inherited) @executable_path/Frameworks";
				PRODUCT_BUNDLE_IDENTIFIER = com.fadellc.us.AnimatedOnboarding;
				PRODUCT_NAME = "$(TARGET_NAME)";
			};
			name = Debug;
		};
		1F0963171C541B5F00B27187 /* Release */ = {
			isa = XCBuildConfiguration;
			buildSettings = {
				ASSETCATALOG_COMPILER_APPICON_NAME = AppIcon;
				INFOPLIST_FILE = AnimatedOnboarding/Info.plist;
				LD_RUNPATH_SEARCH_PATHS = "$(inherited) @executable_path/Frameworks";
				PRODUCT_BUNDLE_IDENTIFIER = com.fadellc.us.AnimatedOnboarding;
				PRODUCT_NAME = "$(TARGET_NAME)";
			};
			name = Release;
		};
		1F0963191C541B5F00B27187 /* Debug */ = {
			isa = XCBuildConfiguration;
			buildSettings = {
				BUNDLE_LOADER = "$(TEST_HOST)";
				INFOPLIST_FILE = AnimatedOnboardingTests/Info.plist;
				LD_RUNPATH_SEARCH_PATHS = "$(inherited) @executable_path/Frameworks @loader_path/Frameworks";
				PRODUCT_BUNDLE_IDENTIFIER = com.fadellc.us.AnimatedOnboardingTests;
				PRODUCT_NAME = "$(TARGET_NAME)";
				TEST_HOST = "$(BUILT_PRODUCTS_DIR)/AnimatedOnboarding.app/AnimatedOnboarding";
			};
			name = Debug;
		};
		1F09631A1C541B5F00B27187 /* Release */ = {
			isa = XCBuildConfiguration;
			buildSettings = {
				BUNDLE_LOADER = "$(TEST_HOST)";
				INFOPLIST_FILE = AnimatedOnboardingTests/Info.plist;
				LD_RUNPATH_SEARCH_PATHS = "$(inherited) @executable_path/Frameworks @loader_path/Frameworks";
				PRODUCT_BUNDLE_IDENTIFIER = com.fadellc.us.AnimatedOnboardingTests;
				PRODUCT_NAME = "$(TARGET_NAME)";
				TEST_HOST = "$(BUILT_PRODUCTS_DIR)/AnimatedOnboarding.app/AnimatedOnboarding";
			};
			name = Release;
		};
		1F09631C1C541B5F00B27187 /* Debug */ = {
			isa = XCBuildConfiguration;
			buildSettings = {
				INFOPLIST_FILE = AnimatedOnboardingUITests/Info.plist;
				LD_RUNPATH_SEARCH_PATHS = "$(inherited) @executable_path/Frameworks @loader_path/Frameworks";
				PRODUCT_BUNDLE_IDENTIFIER = com.fadellc.us.AnimatedOnboardingUITests;
				PRODUCT_NAME = "$(TARGET_NAME)";
				TEST_TARGET_NAME = AnimatedOnboarding;
				USES_XCTRUNNER = YES;
			};
			name = Debug;
		};
		1F09631D1C541B5F00B27187 /* Release */ = {
			isa = XCBuildConfiguration;
			buildSettings = {
				INFOPLIST_FILE = AnimatedOnboardingUITests/Info.plist;
				LD_RUNPATH_SEARCH_PATHS = "$(inherited) @executable_path/Frameworks @loader_path/Frameworks";
				PRODUCT_BUNDLE_IDENTIFIER = com.fadellc.us.AnimatedOnboardingUITests;
				PRODUCT_NAME = "$(TARGET_NAME)";
				TEST_TARGET_NAME = AnimatedOnboarding;
				USES_XCTRUNNER = YES;
			};
			name = Release;
		};
/* End XCBuildConfiguration section */

/* Begin XCConfigurationList section */
		1F0962E81C541B5F00B27187 /* Build configuration list for PBXProject "AnimatedOnboarding" */ = {
			isa = XCConfigurationList;
			buildConfigurations = (
				1F0963131C541B5F00B27187 /* Debug */,
				1F0963141C541B5F00B27187 /* Release */,
			);
			defaultConfigurationIsVisible = 0;
			defaultConfigurationName = Release;
		};
		1F0963151C541B5F00B27187 /* Build configuration list for PBXNativeTarget "AnimatedOnboarding" */ = {
			isa = XCConfigurationList;
			buildConfigurations = (
				1F0963161C541B5F00B27187 /* Debug */,
				1F0963171C541B5F00B27187 /* Release */,
			);
			defaultConfigurationIsVisible = 0;
		};
		1F0963181C541B5F00B27187 /* Build configuration list for PBXNativeTarget "AnimatedOnboardingTests" */ = {
			isa = XCConfigurationList;
			buildConfigurations = (
				1F0963191C541B5F00B27187 /* Debug */,
				1F09631A1C541B5F00B27187 /* Release */,
			);
			defaultConfigurationIsVisible = 0;
		};
		1F09631B1C541B5F00B27187 /* Build configuration list for PBXNativeTarget "AnimatedOnboardingUITests" */ = {
			isa = XCConfigurationList;
			buildConfigurations = (
				1F09631C1C541B5F00B27187 /* Debug */,
				1F09631D1C541B5F00B27187 /* Release */,
			);
			defaultConfigurationIsVisible = 0;
		};
/* End XCConfigurationList section */
	};
	rootObject = 1F0962E51C541B5F00B27187 /* Project object */;
}
